{
  "name": "@geoda/skills",
  "version": "0.0.1",
  "lockfileVersion": 3,
  "requires": true,
  "packages": {
    "": {
      "name": "@geoda/skills",
      "version": "0.0.1",
      "license": "MIT",
      "dependencies": {
        "@geoda/core": "0.0.22",
        "@geoda/lisa": "0.0.22",
        "@geoda/regression": "0.0.22"
      },
      "engines": {
        "node": ">=18"
      }
    },
    "node_modules/@geoda/core": {
      "version": "0.0.22",
      "resolved": "https://registry.npmjs.org/@geoda/core/-/core-0.0.22.tgz",
      "integrity": "sha512-dJ9zgDJnzYd4DUqUmGbuKRSlZwWGnfjS9H7x4x9xrWZbtLhfX/nGEBl8WrXCqibNgi+XBPRyn7v8jHF3uyacqQ==",
      "license": "MIT",
      "dependencies": {
        "@loaders.gl/schema": "^4.1.0-alpha.4",
        "geojson": "^0.5.0"
      }
    },
    "node_modules/@geoda/lisa": {
      "version": "0.0.22",
      "resolved": "https://registry.npmjs.org/@geoda/lisa/-/lisa-0.0.22.tgz",
      "integrity": "sha512-AcwaIg/J4HWfFCR3Uq5iAK3VJBvzt4GRtWZtfJDuAVNUz5AOiki/jBlL+RhEIubsoJDEnC6ixn4SSw0Gd1ruwA==",
      "license": "MIT",
      "dependencies": {
        "@loaders.gl/schema": "^4.1.0-alpha.4",
        "geojson": "^0.5.0"
      }
    },
    "node_modules/@geoda/regression": {
      "version": "0.0.22",
      "resolved": "https://registry.npmjs.org/@geoda/regression/-/regression-0.0.22.tgz",
      "integrity": "sha512-6DBo7FdzCTZzOPdYbOv9B2B2T6383fRFhDc90aB651zHmlVFpyvy4Efge+KZDGQG9nfvWf7gIM7qd9KDKlicQA==",
      "license": "MIT"
    },
    "node_modules/@loaders.gl/schema": {
      "version": "4.4.5",
      "resolved": "https://registry.npmjs.org/@loaders.gl/schema/-/schema-4.4.5.tgz",
      "integrity": "sha512-q2XNquegw+hX+ZEshacKYL/+FKBUIS5FHA+2Ft3JWmcNiR6umGnYCdXQhDcFCqAm8Ks87fMCV+z/zTloxaIZgQ==",
      "license": "MIT",
      "dependencies": {
        "@types/geojson": "^7946.0.7",
        "apache-arrow": ">= 17.0.0"
      }
    },
    "node_modules/@types/geojson": {
      "version": "7946.0.16",
      "resolved": "https://registry.npmjs.org/@types/geojson/-/geojson-7946.0.16.tgz",
      "integrity": "sha512-6C8nqWur3j98U6+lXDfTUWIfgvZU+EumvpHKcYjujKH7woYyLj2sUmff0tRhrqM7BohUw7Pz3ZB1jj2gW9Fvmg==",
      "license": "MIT"
    },
    "node_modules/@types/node": {
      "version": "25.9.5",
      "resolved": "https://registry.npmjs.org/@types/node/-/node-25.9.5.tgz",
      "integrity": "sha512-OScDchr2fwuUmWdf4kZ9h7PcJiYDVInhJizG/biAq3cAvqwYktuy/TYGGdZNMtNTFUP7rnb0NU4TUdm82kt4Rg==",
      "license": "MIT",
      "dependencies": {
        "undici-types": ">=7.24.0 <7.24.7"
      }
    },
    "node_modules/apache-arrow": {
      "version": "21.2.0",
      "resolved": "https://registry.npmjs.org/apache-arrow/-/apache-arrow-21.2.0.tgz",
      "integrity": "sha512-Hxe6Agq26gQOM954qpzYSllJBPJl+e16U5CkfuMUhLrNba+5nKkttIVlflaovN6oaTratqMGAO8H5u/aNhmHWQ==",
      "license": "Apache-2.0",
      "dependencies": {
        "@types/node": "^25.2.0",
        "flatbuffers": "^25.1.24",
        "json-with-bigint": "^3.5.3",
        "tslib": "^2.6.2"
      },
      "bin": {
        "arrow2csv": "bin/arrow2csv.js"
      }
    },
    "node_modules/flatbuffers": {
      "version": "25.9.23",
      "resolved": "https://registry.npmjs.org/flatbuffers/-/flatbuffers-25.9.23.tgz",
      "integrity": "sha512-MI1qs7Lo4Syw0EOzUl0xjs2lsoeqFku44KpngfIduHBYvzm8h2+7K8YMQh1JtVVVrUvhLpNwqVi4DERegUJhPQ==",
      "license": "Apache-2.0"
    },
    "node_modules/geojson": {
      "version": "0.5.0",
      "resolved": "https://registry.npmjs.org/geojson/-/geojson-0.5.0.tgz",
      "integrity": "sha512-/Bx5lEn+qRF4TfQ5aLu6NH+UKtvIv7Lhc487y/c8BdludrCTpiWf9wyI0RTyqg49MFefIAvFDuEi5Dfd/zgNxQ==",
      "license": "MIT",
      "engines": {
        "node": ">= 0.10"
      }
    },
    "node_modules/json-with-bigint": {
      "version": "3.5.12",
      "resolved": "https://registry.npmjs.org/json-with-bigint/-/json-with-bigint-3.5.12.tgz",
      "integrity": "sha512-uwbF/wSSuOgC7qqlq27Xp5B6a2MHVug3t0idZdTqu0JnlFvgJuH7ju+KAk/J06C7GfhoYy2gnb9wz2INqcne7w==",
      "license": "MIT"
    },
    "node_modules/tslib": {
      "version": "2.8.1",
      "resolved": "https://registry.npmjs.org/tslib/-/tslib-2.8.1.tgz",
      "integrity": "sha512-oJFu94HQb+KVduSUQL7wnpmqnfmLsOA/nAh6b6EH0wCEoK0/mPeXU6c3wKDV83MkOuHPRHtSXKKU99IBazS/2w==",
      "license": "0BSD"
    },
    "node_modules/undici-types": {
      "version": "7.24.6",
      "resolved": "https://registry.npmjs.org/undici-types/-/undici-types-7.24.6.tgz",
      "integrity": "sha512-WRNW+sJgj5OBN4/0JpHFqtqzhpbnV0GuB+OozA9gCL7a993SmU+1JBZCzLNxYsbMfIeDL+lTsphD5jN5N+n0zg==",
      "license": "MIT"
    }
  }
}
